
Microsoft Visual Studio Solution File, Format Version 12.00
# Visual Studio Version 17
VisualStudioVersion = 17.4.33103.184
MinimumVisualStudioVersion = 10.0.40219.1
Project("{9A19103F-16F7-4668-BE54-9A1E7A4F7556}") = "DotNet.Ef7.Sandbox", "DotNet.Ef7.Sandbox.csproj", "{77EDA9B0-269E-4963-9F8C-99AEB728A5FD}"
EndProject
Global
	GlobalSection(SolutionConfigurationPlatforms) = preSolution
		Debug|Any CPU = Debug|Any CPU
		Release|Any CPU = Release|Any CPU
	EndGlobalSection
	GlobalSection(ProjectConfigurationPlatforms) = postSolution
		{77EDA9B0-269E-4963-9F8C-99AEB728A5FD}.Debug|Any CPU.ActiveCfg = Debug|Any CPU
		{77EDA9B0-269E-4963-9F8C-99AEB728A5FD}.Debug|Any CPU.Build.0 = Debug|Any CPU
		{77EDA9B0-269E-4963-9F8C-99AEB728A5FD}.Release|Any CPU.ActiveCfg = Release|Any CPU
		{77EDA9B0-269E-4963-9F8C-99AEB728A5FD}.Release|Any CPU.Build.0 = Release|Any CPU
	EndGlobalSection
	GlobalSection(SolutionProperties) = preSolution
		HideSolutionNode = FALSE
	EndGlobalSection
	GlobalSection(ExtensibilityGlobals) = postSolution
		SolutionGuid = {FB4B0528-36A2-4CD3-88B7-70FA70D5A64E}
	EndGlobalSection
EndGlobal
