
Microsoft Visual Studio Solution File, Format Version 12.00
# Visual Studio Version 17
VisualStudioVersion = 17.4.33103.184
MinimumVisualStudioVersion = 10.0.40219.1
Project("{2150E333-8FDC-42A3-9474-1A3956D46DE8}") = "Solution Items", "Solution Items", "{77B3A175-6F1E-4829-BBAB-AFB1707A3D77}"
	ProjectSection(SolutionItems) = preProject
		README.md = README.md
	EndProjectSection
EndProject
Project("{9A19103F-16F7-4668-BE54-9A1E7A4F7556}") = "EntityFrameworkSandbox.Template", "src\EntityFrameworkSandbox.Template\EntityFrameworkSandbox.Template.csproj", "{FB508A8D-CAE0-4936-A041-CBF93045F7BD}"
EndProject
Global
	GlobalSection(SolutionConfigurationPlatforms) = preSolution
		Debug|Any CPU = Debug|Any CPU
		Release|Any CPU = Release|Any CPU
	EndGlobalSection
	GlobalSection(ProjectConfigurationPlatforms) = postSolution
		{FB508A8D-CAE0-4936-A041-CBF93045F7BD}.Debug|Any CPU.ActiveCfg = Debug|Any CPU
		{FB508A8D-CAE0-4936-A041-CBF93045F7BD}.Debug|Any CPU.Build.0 = Debug|Any CPU
		{FB508A8D-CAE0-4936-A041-CBF93045F7BD}.Release|Any CPU.ActiveCfg = Release|Any CPU
		{FB508A8D-CAE0-4936-A041-CBF93045F7BD}.Release|Any CPU.Build.0 = Release|Any CPU
	EndGlobalSection
	GlobalSection(SolutionProperties) = preSolution
		HideSolutionNode = FALSE
	EndGlobalSection
	GlobalSection(ExtensibilityGlobals) = postSolution
		SolutionGuid = {FB4B0528-36A2-4CD3-88B7-70FA70D5A64E}
	EndGlobalSection
EndGlobal
